
Microsoft Visual Studio Solution File, Format Version 12.00
# Visual Studio 15
Project("{FAE04EC0-301F-11D3-BF4B-00C04F79EFBC}") = "Assembly-CSharp", "Assembly-CSharp.csproj", "{0A1761DF-47B3-7116-BD6A-F5FA1354841C}"
EndProject
Project("{FAE04EC0-301F-11D3-BF4B-00C04F79EFBC}") = "SimpleAnimationComponent", "SimpleAnimationComponent.csproj", "{8DDA1BCD-0397-E8A6-14C5-D2CC0001284B}"
EndProject
Project("{FAE04EC0-301F-11D3-BF4B-00C04F79EFBC}") = "SimpleAnimationComponent-Editor", "SimpleAnimationComponent-Editor.csproj", "{69C6CCF6-F990-90CB-92D2-6EFDF36D2B64}"
EndProject
Global
	GlobalSection(SolutionConfigurationPlatforms) = preSolution
		Debug|Any CPU = Debug|Any CPU
		Release|Any CPU = Release|Any CPU
	EndGlobalSection
	GlobalSection(ProjectConfigurationPlatforms) = postSolution
		{0A1761DF-47B3-7116-BD6A-F5FA1354841C}.Debug|Any CPU.ActiveCfg = Debug|Any CPU
		{0A1761DF-47B3-7116-BD6A-F5FA1354841C}.Debug|Any CPU.Build.0 = Debug|Any CPU
		{0A1761DF-47B3-7116-BD6A-F5FA1354841C}.Release|Any CPU.ActiveCfg = Release|Any CPU
		{0A1761DF-47B3-7116-BD6A-F5FA1354841C}.Release|Any CPU.Build.0 = Release|Any CPU
		{8DDA1BCD-0397-E8A6-14C5-D2CC0001284B}.Debug|Any CPU.ActiveCfg = Debug|Any CPU
		{8DDA1BCD-0397-E8A6-14C5-D2CC0001284B}.Debug|Any CPU.Build.0 = Debug|Any CPU
		{8DDA1BCD-0397-E8A6-14C5-D2CC0001284B}.Release|Any CPU.ActiveCfg = Release|Any CPU
		{8DDA1BCD-0397-E8A6-14C5-D2CC0001284B}.Release|Any CPU.Build.0 = Release|Any CPU
		{69C6CCF6-F990-90CB-92D2-6EFDF36D2B64}.Debug|Any CPU.ActiveCfg = Debug|Any CPU
		{69C6CCF6-F990-90CB-92D2-6EFDF36D2B64}.Debug|Any CPU.Build.0 = Debug|Any CPU
		{69C6CCF6-F990-90CB-92D2-6EFDF36D2B64}.Release|Any CPU.ActiveCfg = Release|Any CPU
		{69C6CCF6-F990-90CB-92D2-6EFDF36D2B64}.Release|Any CPU.Build.0 = Release|Any CPU
	EndGlobalSection
	GlobalSection(SolutionProperties) = preSolution
		HideSolutionNode = FALSE
	EndGlobalSection
EndGlobal
